
Microsoft Visual Studio Solution File, Format Version 12.00
# Visual Studio Version 17
VisualStudioVersion = 17.0.31903.59
MinimumVisualStudioVersion = 10.0.40219.1
Project("{FAE04EC0-301F-11D3-BF4B-00C04F79EFBC}") = "Aurora.Lights", "Aurora.Lights\Aurora.Lights.csproj", "{1452F300-6B85-46E2-9262-AC19BA5BBF9F}"
EndProject
Project("{FAE04EC0-301F-11D3-BF4B-00C04F79EFBC}") = "Aurora.Logic", "Aurora.Logic\Aurora.Logic.csproj", "{57719405-4860-4995-B845-1DE22BD8F675}"
EndProject
Project("{FAE04EC0-301F-11D3-BF4B-00C04F79EFBC}") = "Aurora.App", "Aurora.App\Aurora.App.csproj", "{7E1216A2-5E35-4031-9299-ADD6E6122CA9}"
EndProject
Project("{FAE04EC0-301F-11D3-BF4B-00C04F79EFBC}") = "Aurora.Web", "Aurora.Web\Aurora.Web.csproj", "{AB49B9EC-C464-4C16-ABE6-B1C36B836272}"
EndProject
Project("{FAE04EC0-301F-11D3-BF4B-00C04F79EFBC}") = "Aurora.Components", "Aurora.Components\Aurora.Components.csproj", "{5DF7504A-FD66-49A7-B71A-E4408DB65C6D}"
EndProject
Global
	GlobalSection(SolutionConfigurationPlatforms) = preSolution
		Debug|Any CPU = Debug|Any CPU
		Debug|x64 = Debug|x64
		Debug|x86 = Debug|x86
		Release|Any CPU = Release|Any CPU
		Release|x64 = Release|x64
		Release|x86 = Release|x86
	EndGlobalSection
	GlobalSection(ProjectConfigurationPlatforms) = postSolution
		{1452F300-6B85-46E2-9262-AC19BA5BBF9F}.Debug|Any CPU.ActiveCfg = Debug|Any CPU
		{1452F300-6B85-46E2-9262-AC19BA5BBF9F}.Debug|Any CPU.Build.0 = Debug|Any CPU
		{1452F300-6B85-46E2-9262-AC19BA5BBF9F}.Debug|x64.ActiveCfg = Debug|Any CPU
		{1452F300-6B85-46E2-9262-AC19BA5BBF9F}.Debug|x64.Build.0 = Debug|Any CPU
		{1452F300-6B85-46E2-9262-AC19BA5BBF9F}.Debug|x86.ActiveCfg = Debug|Any CPU
		{1452F300-6B85-46E2-9262-AC19BA5BBF9F}.Debug|x86.Build.0 = Debug|Any CPU
		{1452F300-6B85-46E2-9262-AC19BA5BBF9F}.Release|Any CPU.ActiveCfg = Release|Any CPU
		{1452F300-6B85-46E2-9262-AC19BA5BBF9F}.Release|Any CPU.Build.0 = Release|Any CPU
		{1452F300-6B85-46E2-9262-AC19BA5BBF9F}.Release|x64.ActiveCfg = Release|Any CPU
		{1452F300-6B85-46E2-9262-AC19BA5BBF9F}.Release|x64.Build.0 = Release|Any CPU
		{1452F300-6B85-46E2-9262-AC19BA5BBF9F}.Release|x86.ActiveCfg = Release|Any CPU
		{1452F300-6B85-46E2-9262-AC19BA5BBF9F}.Release|x86.Build.0 = Release|Any CPU
		{57719405-4860-4995-B845-1DE22BD8F675}.Debug|Any CPU.ActiveCfg = Debug|Any CPU
		{57719405-4860-4995-B845-1DE22BD8F675}.Debug|Any CPU.Build.0 = Debug|Any CPU
		{57719405-4860-4995-B845-1DE22BD8F675}.Debug|x64.ActiveCfg = Debug|Any CPU
		{57719405-4860-4995-B845-1DE22BD8F675}.Debug|x64.Build.0 = Debug|Any CPU
		{57719405-4860-4995-B845-1DE22BD8F675}.Debug|x86.ActiveCfg = Debug|Any CPU
		{57719405-4860-4995-B845-1DE22BD8F675}.Debug|x86.Build.0 = Debug|Any CPU
		{57719405-4860-4995-B845-1DE22BD8F675}.Release|Any CPU.ActiveCfg = Release|Any CPU
		{57719405-4860-4995-B845-1DE22BD8F675}.Release|Any CPU.Build.0 = Release|Any CPU
		{57719405-4860-4995-B845-1DE22BD8F675}.Release|x64.ActiveCfg = Release|Any CPU
		{57719405-4860-4995-B845-1DE22BD8F675}.Release|x64.Build.0 = Release|Any CPU
		{57719405-4860-4995-B845-1DE22BD8F675}.Release|x86.ActiveCfg = Release|Any CPU
		{57719405-4860-4995-B845-1DE22BD8F675}.Release|x86.Build.0 = Release|Any CPU
		{7E1216A2-5E35-4031-9299-ADD6E6122CA9}.Debug|Any CPU.ActiveCfg = Debug|Any CPU
		{7E1216A2-5E35-4031-9299-ADD6E6122CA9}.Debug|Any CPU.Build.0 = Debug|Any CPU
		{7E1216A2-5E35-4031-9299-ADD6E6122CA9}.Debug|x64.ActiveCfg = Debug|Any CPU
		{7E1216A2-5E35-4031-9299-ADD6E6122CA9}.Debug|x64.Build.0 = Debug|Any CPU
		{7E1216A2-5E35-4031-9299-ADD6E6122CA9}.Debug|x86.ActiveCfg = Debug|Any CPU
		{7E1216A2-5E35-4031-9299-ADD6E6122CA9}.Debug|x86.Build.0 = Debug|Any CPU
		{7E1216A2-5E35-4031-9299-ADD6E6122CA9}.Release|Any CPU.ActiveCfg = Release|Any CPU
		{7E1216A2-5E35-4031-9299-ADD6E6122CA9}.Release|Any CPU.Build.0 = Release|Any CPU
		{7E1216A2-5E35-4031-9299-ADD6E6122CA9}.Release|x64.ActiveCfg = Release|Any CPU
		{7E1216A2-5E35-4031-9299-ADD6E6122CA9}.Release|x64.Build.0 = Release|Any CPU
		{7E1216A2-5E35-4031-9299-ADD6E6122CA9}.Release|x86.ActiveCfg = Release|Any CPU
		{7E1216A2-5E35-4031-9299-ADD6E6122CA9}.Release|x86.Build.0 = Release|Any CPU
		{AB49B9EC-C464-4C16-ABE6-B1C36B836272}.Debug|Any CPU.ActiveCfg = Debug|Any CPU
		{AB49B9EC-C464-4C16-ABE6-B1C36B836272}.Debug|Any CPU.Build.0 = Debug|Any CPU
		{AB49B9EC-C464-4C16-ABE6-B1C36B836272}.Debug|x64.ActiveCfg = Debug|Any CPU
		{AB49B9EC-C464-4C16-ABE6-B1C36B836272}.Debug|x64.Build.0 = Debug|Any CPU
		{AB49B9EC-C464-4C16-ABE6-B1C36B836272}.Debug|x86.ActiveCfg = Debug|Any CPU
		{AB49B9EC-C464-4C16-ABE6-B1C36B836272}.Debug|x86.Build.0 = Debug|Any CPU
		{AB49B9EC-C464-4C16-ABE6-B1C36B836272}.Release|Any CPU.ActiveCfg = Release|Any CPU
		{AB49B9EC-C464-4C16-ABE6-B1C36B836272}.Release|Any CPU.Build.0 = Release|Any CPU
		{AB49B9EC-C464-4C16-ABE6-B1C36B836272}.Release|x64.ActiveCfg = Release|Any CPU
		{AB49B9EC-C464-4C16-ABE6-B1C36B836272}.Release|x64.Build.0 = Release|Any CPU
		{AB49B9EC-C464-4C16-ABE6-B1C36B836272}.Release|x86.ActiveCfg = Release|Any CPU
		{AB49B9EC-C464-4C16-ABE6-B1C36B836272}.Release|x86.Build.0 = Release|Any CPU
		{5DF7504A-FD66-49A7-B71A-E4408DB65C6D}.Debug|Any CPU.ActiveCfg = Debug|Any CPU
		{5DF7504A-FD66-49A7-B71A-E4408DB65C6D}.Debug|Any CPU.Build.0 = Debug|Any CPU
		{5DF7504A-FD66-49A7-B71A-E4408DB65C6D}.Debug|x64.ActiveCfg = Debug|Any CPU
		{5DF7504A-FD66-49A7-B71A-E4408DB65C6D}.Debug|x64.Build.0 = Debug|Any CPU
		{5DF7504A-FD66-49A7-B71A-E4408DB65C6D}.Debug|x86.ActiveCfg = Debug|Any CPU
		{5DF7504A-FD66-49A7-B71A-E4408DB65C6D}.Debug|x86.Build.0 = Debug|Any CPU
		{5DF7504A-FD66-49A7-B71A-E4408DB65C6D}.Release|Any CPU.ActiveCfg = Release|Any CPU
		{5DF7504A-FD66-49A7-B71A-E4408DB65C6D}.Release|Any CPU.Build.0 = Release|Any CPU
		{5DF7504A-FD66-49A7-B71A-E4408DB65C6D}.Release|x64.ActiveCfg = Release|Any CPU
		{5DF7504A-FD66-49A7-B71A-E4408DB65C6D}.Release|x64.Build.0 = Release|Any CPU
		{5DF7504A-FD66-49A7-B71A-E4408DB65C6D}.Release|x86.ActiveCfg = Release|Any CPU
		{5DF7504A-FD66-49A7-B71A-E4408DB65C6D}.Release|x86.Build.0 = Release|Any CPU
	EndGlobalSection
	GlobalSection(SolutionProperties) = preSolution
		HideSolutionNode = FALSE
	EndGlobalSection
EndGlobal
