
Microsoft Visual Studio Solution File, Format Version 12.00
# Visual Studio Version 17
VisualStudioVersion = 17.0.31903.59
MinimumVisualStudioVersion = 10.0.40219.1
Project("{FAE04EC0-301F-11D3-BF4B-00C04F79EFBC}") = "Aurora.Legacy", "Aurora.Lights\Aurora.Legacy.csproj", "{1452F300-6B85-46E2-9262-AC19BA5BBF9F}"
EndProject
Project("{FAE04EC0-301F-11D3-BF4B-00C04F79EFBC}") = "Aurora.Logic", "Aurora.Logic\Aurora.Logic.csproj", "{57719405-4860-4995-B845-1DE22BD8F675}"
EndProject
Project("{FAE04EC0-301F-11D3-BF4B-00C04F79EFBC}") = "Builder.Core", "Builder.Core\Builder.Core.csproj", "{288BB7FB-C6C7-473E-B700-241445FE825D}"
EndProject
Project("{FAE04EC0-301F-11D3-BF4B-00C04F79EFBC}") = "Aurora.App", "Aurora.App\Aurora.App.csproj", "{7E1216A2-5E35-4031-9299-ADD6E6122CA9}"
EndProject
Project("{FAE04EC0-301F-11D3-BF4B-00C04F79EFBC}") = "Aurora.Web", "Aurora.Web\Aurora.Web.csproj", "{AB49B9EC-C464-4C16-ABE6-B1C36B836272}"
EndProject
Project("{FAE04EC0-301F-11D3-BF4B-00C04F79EFBC}") = "Aurora.Components", "Aurora.Components\Aurora.Components.csproj", "{5DF7504A-FD66-49A7-B71A-E4408DB65C6D}"
EndProject
Project("{FAE04EC0-301F-11D3-BF4B-00C04F79EFBC}") = "Aurora.Importer", "Aurora.Importer\Aurora.Importer.csproj", "{A28AEE08-F0A2-4DF1-A391-7FA5AC6147CF}"
EndProject
Project("{FAE04EC0-301F-11D3-BF4B-00C04F79EFBC}") = "Aurora.Tests", "Aurora.Tests\Aurora.Tests.csproj", "{3B904FD2-5A05-4983-A26A-F981301C03A0}"
EndProject
Project("{2150E333-8FDC-42A3-9474-1A3956D46DE8}") = "tools", "tools", "{07C2787E-EAC7-C090-1BA3-A61EC2A24D84}"
EndProject
Project("{FAE04EC0-301F-11D3-BF4B-00C04F79EFBC}") = "RunImporter", "tools\RunImporter\RunImporter.csproj", "{202C76B3-C580-4CDA-9036-B26AC00AFF05}"
EndProject
Project("{FAE04EC0-301F-11D3-BF4B-00C04F79EFBC}") = "AssemblyApi", "tools\AssemblyApi\AssemblyApi.csproj", "{1BC7F93D-AF04-48F8-A204-3B1795EF5305}"
EndProject
Project("{FAE04EC0-301F-11D3-BF4B-00C04F79EFBC}") = "Aurora.PdfImport", "Aurora.PdfImport\Aurora.PdfImport.csproj", "{99F9E41A-82EF-433C-82B4-19DA5D893408}"
EndProject
Project("{FAE04EC0-301F-11D3-BF4B-00C04F79EFBC}") = "Builder.Data", "Builder.Data\Builder.Data.csproj", "{DDDDA629-BD62-40E8-B539-A8B8E70DBCCC}"
EndProject
Project("{FAE04EC0-301F-11D3-BF4B-00C04F79EFBC}") = "Aurora.Documents", "Aurora.Documents\Aurora.Documents.csproj", "{98C1DC14-1FB2-4C52-B7F7-5F7311D9FAB5}"
EndProject
Project("{FAE04EC0-301F-11D3-BF4B-00C04F79EFBC}") = "Aurora.Presentation", "Aurora.Presentation\Aurora.Presentation.csproj", "{CED0F980-E5EC-484F-B34D-0CC30BC5EFA3}"
EndProject
Project("{FAE04EC0-301F-11D3-BF4B-00C04F79EFBC}") = "Aurora.Presentation.Tests", "Aurora.Presentation.Tests\Aurora.Presentation.Tests.csproj", "{23B776B5-C09C-49CB-BF05-51CCA129713B}"
EndProject
Project("{FAE04EC0-301F-11D3-BF4B-00C04F79EFBC}") = "WpfAssemblyApi", "tools\WpfAssemblyApi\WpfAssemblyApi.csproj", "{01DBA031-C2DC-4657-86DD-A09ECFAF7749}"
EndProject
Global
	GlobalSection(SolutionConfigurationPlatforms) = preSolution
		Debug|Any CPU = Debug|Any CPU
		Debug|x64 = Debug|x64
		Debug|x86 = Debug|x86
		Release|Any CPU = Release|Any CPU
		Release|x64 = Release|x64
		Release|x86 = Release|x86
	EndGlobalSection
	GlobalSection(ProjectConfigurationPlatforms) = postSolution
		{1452F300-6B85-46E2-9262-AC19BA5BBF9F}.Debug|Any CPU.ActiveCfg = Debug|Any CPU
		{1452F300-6B85-46E2-9262-AC19BA5BBF9F}.Debug|Any CPU.Build.0 = Debug|Any CPU
		{1452F300-6B85-46E2-9262-AC19BA5BBF9F}.Debug|x64.ActiveCfg = Debug|Any CPU
		{1452F300-6B85-46E2-9262-AC19BA5BBF9F}.Debug|x64.Build.0 = Debug|Any CPU
		{1452F300-6B85-46E2-9262-AC19BA5BBF9F}.Debug|x86.ActiveCfg = Debug|Any CPU
		{1452F300-6B85-46E2-9262-AC19BA5BBF9F}.Debug|x86.Build.0 = Debug|Any CPU
		{1452F300-6B85-46E2-9262-AC19BA5BBF9F}.Release|Any CPU.ActiveCfg = Release|Any CPU
		{1452F300-6B85-46E2-9262-AC19BA5BBF9F}.Release|Any CPU.Build.0 = Release|Any CPU
		{1452F300-6B85-46E2-9262-AC19BA5BBF9F}.Release|x64.ActiveCfg = Release|Any CPU
		{1452F300-6B85-46E2-9262-AC19BA5BBF9F}.Release|x64.Build.0 = Release|Any CPU
		{1452F300-6B85-46E2-9262-AC19BA5BBF9F}.Release|x86.ActiveCfg = Release|Any CPU
		{1452F300-6B85-46E2-9262-AC19BA5BBF9F}.Release|x86.Build.0 = Release|Any CPU
		{288BB7FB-C6C7-473E-B700-241445FE825D}.Debug|Any CPU.ActiveCfg = Debug|Any CPU
		{288BB7FB-C6C7-473E-B700-241445FE825D}.Debug|Any CPU.Build.0 = Debug|Any CPU
		{288BB7FB-C6C7-473E-B700-241445FE825D}.Debug|x64.ActiveCfg = Debug|Any CPU
		{288BB7FB-C6C7-473E-B700-241445FE825D}.Debug|x64.Build.0 = Debug|Any CPU
		{288BB7FB-C6C7-473E-B700-241445FE825D}.Debug|x86.ActiveCfg = Debug|Any CPU
		{288BB7FB-C6C7-473E-B700-241445FE825D}.Debug|x86.Build.0 = Debug|Any CPU
		{288BB7FB-C6C7-473E-B700-241445FE825D}.Release|Any CPU.ActiveCfg = Release|Any CPU
		{288BB7FB-C6C7-473E-B700-241445FE825D}.Release|Any CPU.Build.0 = Release|Any CPU
		{288BB7FB-C6C7-473E-B700-241445FE825D}.Release|x64.ActiveCfg = Release|Any CPU
		{288BB7FB-C6C7-473E-B700-241445FE825D}.Release|x64.Build.0 = Release|Any CPU
		{288BB7FB-C6C7-473E-B700-241445FE825D}.Release|x86.ActiveCfg = Release|Any CPU
		{288BB7FB-C6C7-473E-B700-241445FE825D}.Release|x86.Build.0 = Release|Any CPU
		{57719405-4860-4995-B845-1DE22BD8F675}.Debug|Any CPU.ActiveCfg = Debug|Any CPU
		{57719405-4860-4995-B845-1DE22BD8F675}.Debug|Any CPU.Build.0 = Debug|Any CPU
		{57719405-4860-4995-B845-1DE22BD8F675}.Debug|x64.ActiveCfg = Debug|Any CPU
		{57719405-4860-4995-B845-1DE22BD8F675}.Debug|x64.Build.0 = Debug|Any CPU
		{57719405-4860-4995-B845-1DE22BD8F675}.Debug|x86.ActiveCfg = Debug|Any CPU
		{57719405-4860-4995-B845-1DE22BD8F675}.Debug|x86.Build.0 = Debug|Any CPU
		{57719405-4860-4995-B845-1DE22BD8F675}.Release|Any CPU.ActiveCfg = Release|Any CPU
		{57719405-4860-4995-B845-1DE22BD8F675}.Release|Any CPU.Build.0 = Release|Any CPU
		{57719405-4860-4995-B845-1DE22BD8F675}.Release|x64.ActiveCfg = Release|Any CPU
		{57719405-4860-4995-B845-1DE22BD8F675}.Release|x64.Build.0 = Release|Any CPU
		{57719405-4860-4995-B845-1DE22BD8F675}.Release|x86.ActiveCfg = Release|Any CPU
		{57719405-4860-4995-B845-1DE22BD8F675}.Release|x86.Build.0 = Release|Any CPU
		{7E1216A2-5E35-4031-9299-ADD6E6122CA9}.Debug|Any CPU.ActiveCfg = Debug|Any CPU
		{7E1216A2-5E35-4031-9299-ADD6E6122CA9}.Debug|Any CPU.Build.0 = Debug|Any CPU
		{7E1216A2-5E35-4031-9299-ADD6E6122CA9}.Debug|x64.ActiveCfg = Debug|Any CPU
		{7E1216A2-5E35-4031-9299-ADD6E6122CA9}.Debug|x64.Build.0 = Debug|Any CPU
		{7E1216A2-5E35-4031-9299-ADD6E6122CA9}.Debug|x86.ActiveCfg = Debug|Any CPU
		{7E1216A2-5E35-4031-9299-ADD6E6122CA9}.Debug|x86.Build.0 = Debug|Any CPU
		{7E1216A2-5E35-4031-9299-ADD6E6122CA9}.Release|Any CPU.ActiveCfg = Release|Any CPU
		{7E1216A2-5E35-4031-9299-ADD6E6122CA9}.Release|Any CPU.Build.0 = Release|Any CPU
		{7E1216A2-5E35-4031-9299-ADD6E6122CA9}.Release|x64.ActiveCfg = Release|Any CPU
		{7E1216A2-5E35-4031-9299-ADD6E6122CA9}.Release|x64.Build.0 = Release|Any CPU
		{7E1216A2-5E35-4031-9299-ADD6E6122CA9}.Release|x86.ActiveCfg = Release|Any CPU
		{7E1216A2-5E35-4031-9299-ADD6E6122CA9}.Release|x86.Build.0 = Release|Any CPU
		{AB49B9EC-C464-4C16-ABE6-B1C36B836272}.Debug|Any CPU.ActiveCfg = Debug|Any CPU
		{AB49B9EC-C464-4C16-ABE6-B1C36B836272}.Debug|Any CPU.Build.0 = Debug|Any CPU
		{AB49B9EC-C464-4C16-ABE6-B1C36B836272}.Debug|x64.ActiveCfg = Debug|Any CPU
		{AB49B9EC-C464-4C16-ABE6-B1C36B836272}.Debug|x64.Build.0 = Debug|Any CPU
		{AB49B9EC-C464-4C16-ABE6-B1C36B836272}.Debug|x86.ActiveCfg = Debug|Any CPU
		{AB49B9EC-C464-4C16-ABE6-B1C36B836272}.Debug|x86.Build.0 = Debug|Any CPU
		{AB49B9EC-C464-4C16-ABE6-B1C36B836272}.Release|Any CPU.ActiveCfg = Release|Any CPU
		{AB49B9EC-C464-4C16-ABE6-B1C36B836272}.Release|Any CPU.Build.0 = Release|Any CPU
		{AB49B9EC-C464-4C16-ABE6-B1C36B836272}.Release|x64.ActiveCfg = Release|Any CPU
		{AB49B9EC-C464-4C16-ABE6-B1C36B836272}.Release|x64.Build.0 = Release|Any CPU
		{AB49B9EC-C464-4C16-ABE6-B1C36B836272}.Release|x86.ActiveCfg = Release|Any CPU
		{AB49B9EC-C464-4C16-ABE6-B1C36B836272}.Release|x86.Build.0 = Release|Any CPU
		{5DF7504A-FD66-49A7-B71A-E4408DB65C6D}.Debug|Any CPU.ActiveCfg = Debug|Any CPU
		{5DF7504A-FD66-49A7-B71A-E4408DB65C6D}.Debug|Any CPU.Build.0 = Debug|Any CPU
		{5DF7504A-FD66-49A7-B71A-E4408DB65C6D}.Debug|x64.ActiveCfg = Debug|Any CPU
		{5DF7504A-FD66-49A7-B71A-E4408DB65C6D}.Debug|x64.Build.0 = Debug|Any CPU
		{5DF7504A-FD66-49A7-B71A-E4408DB65C6D}.Debug|x86.ActiveCfg = Debug|Any CPU
		{5DF7504A-FD66-49A7-B71A-E4408DB65C6D}.Debug|x86.Build.0 = Debug|Any CPU
		{5DF7504A-FD66-49A7-B71A-E4408DB65C6D}.Release|Any CPU.ActiveCfg = Release|Any CPU
		{5DF7504A-FD66-49A7-B71A-E4408DB65C6D}.Release|Any CPU.Build.0 = Release|Any CPU
		{5DF7504A-FD66-49A7-B71A-E4408DB65C6D}.Release|x64.ActiveCfg = Release|Any CPU
		{5DF7504A-FD66-49A7-B71A-E4408DB65C6D}.Release|x64.Build.0 = Release|Any CPU
		{5DF7504A-FD66-49A7-B71A-E4408DB65C6D}.Release|x86.ActiveCfg = Release|Any CPU
		{5DF7504A-FD66-49A7-B71A-E4408DB65C6D}.Release|x86.Build.0 = Release|Any CPU
		{A28AEE08-F0A2-4DF1-A391-7FA5AC6147CF}.Debug|Any CPU.ActiveCfg = Debug|Any CPU
		{A28AEE08-F0A2-4DF1-A391-7FA5AC6147CF}.Debug|Any CPU.Build.0 = Debug|Any CPU
		{A28AEE08-F0A2-4DF1-A391-7FA5AC6147CF}.Debug|x64.ActiveCfg = Debug|Any CPU
		{A28AEE08-F0A2-4DF1-A391-7FA5AC6147CF}.Debug|x64.Build.0 = Debug|Any CPU
		{A28AEE08-F0A2-4DF1-A391-7FA5AC6147CF}.Debug|x86.ActiveCfg = Debug|Any CPU
		{A28AEE08-F0A2-4DF1-A391-7FA5AC6147CF}.Debug|x86.Build.0 = Debug|Any CPU
		{A28AEE08-F0A2-4DF1-A391-7FA5AC6147CF}.Release|Any CPU.ActiveCfg = Release|Any CPU
		{A28AEE08-F0A2-4DF1-A391-7FA5AC6147CF}.Release|Any CPU.Build.0 = Release|Any CPU
		{A28AEE08-F0A2-4DF1-A391-7FA5AC6147CF}.Release|x64.ActiveCfg = Release|Any CPU
		{A28AEE08-F0A2-4DF1-A391-7FA5AC6147CF}.Release|x64.Build.0 = Release|Any CPU
		{A28AEE08-F0A2-4DF1-A391-7FA5AC6147CF}.Release|x86.ActiveCfg = Release|Any CPU
		{A28AEE08-F0A2-4DF1-A391-7FA5AC6147CF}.Release|x86.Build.0 = Release|Any CPU
		{3B904FD2-5A05-4983-A26A-F981301C03A0}.Debug|Any CPU.ActiveCfg = Debug|Any CPU
		{3B904FD2-5A05-4983-A26A-F981301C03A0}.Debug|Any CPU.Build.0 = Debug|Any CPU
		{3B904FD2-5A05-4983-A26A-F981301C03A0}.Debug|x64.ActiveCfg = Debug|Any CPU
		{3B904FD2-5A05-4983-A26A-F981301C03A0}.Debug|x64.Build.0 = Debug|Any CPU
		{3B904FD2-5A05-4983-A26A-F981301C03A0}.Debug|x86.ActiveCfg = Debug|Any CPU
		{3B904FD2-5A05-4983-A26A-F981301C03A0}.Debug|x86.Build.0 = Debug|Any CPU
		{3B904FD2-5A05-4983-A26A-F981301C03A0}.Release|Any CPU.ActiveCfg = Release|Any CPU
		{3B904FD2-5A05-4983-A26A-F981301C03A0}.Release|Any CPU.Build.0 = Release|Any CPU
		{3B904FD2-5A05-4983-A26A-F981301C03A0}.Release|x64.ActiveCfg = Release|Any CPU
		{3B904FD2-5A05-4983-A26A-F981301C03A0}.Release|x64.Build.0 = Release|Any CPU
		{3B904FD2-5A05-4983-A26A-F981301C03A0}.Release|x86.ActiveCfg = Release|Any CPU
		{3B904FD2-5A05-4983-A26A-F981301C03A0}.Release|x86.Build.0 = Release|Any CPU
		{202C76B3-C580-4CDA-9036-B26AC00AFF05}.Debug|Any CPU.ActiveCfg = Debug|Any CPU
		{202C76B3-C580-4CDA-9036-B26AC00AFF05}.Debug|Any CPU.Build.0 = Debug|Any CPU
		{202C76B3-C580-4CDA-9036-B26AC00AFF05}.Debug|x64.ActiveCfg = Debug|Any CPU
		{202C76B3-C580-4CDA-9036-B26AC00AFF05}.Debug|x64.Build.0 = Debug|Any CPU
		{202C76B3-C580-4CDA-9036-B26AC00AFF05}.Debug|x86.ActiveCfg = Debug|Any CPU
		{202C76B3-C580-4CDA-9036-B26AC00AFF05}.Debug|x86.Build.0 = Debug|Any CPU
		{202C76B3-C580-4CDA-9036-B26AC00AFF05}.Release|Any CPU.ActiveCfg = Release|Any CPU
		{202C76B3-C580-4CDA-9036-B26AC00AFF05}.Release|Any CPU.Build.0 = Release|Any CPU
		{202C76B3-C580-4CDA-9036-B26AC00AFF05}.Release|x64.ActiveCfg = Release|Any CPU
		{202C76B3-C580-4CDA-9036-B26AC00AFF05}.Release|x64.Build.0 = Release|Any CPU
		{202C76B3-C580-4CDA-9036-B26AC00AFF05}.Release|x86.ActiveCfg = Release|Any CPU
		{202C76B3-C580-4CDA-9036-B26AC00AFF05}.Release|x86.Build.0 = Release|Any CPU
		{1BC7F93D-AF04-48F8-A204-3B1795EF5305}.Debug|Any CPU.ActiveCfg = Debug|Any CPU
		{1BC7F93D-AF04-48F8-A204-3B1795EF5305}.Debug|Any CPU.Build.0 = Debug|Any CPU
		{1BC7F93D-AF04-48F8-A204-3B1795EF5305}.Debug|x64.ActiveCfg = Debug|Any CPU
		{1BC7F93D-AF04-48F8-A204-3B1795EF5305}.Debug|x64.Build.0 = Debug|Any CPU
		{1BC7F93D-AF04-48F8-A204-3B1795EF5305}.Debug|x86.ActiveCfg = Debug|Any CPU
		{1BC7F93D-AF04-48F8-A204-3B1795EF5305}.Debug|x86.Build.0 = Debug|Any CPU
		{1BC7F93D-AF04-48F8-A204-3B1795EF5305}.Release|Any CPU.ActiveCfg = Release|Any CPU
		{1BC7F93D-AF04-48F8-A204-3B1795EF5305}.Release|Any CPU.Build.0 = Release|Any CPU
		{1BC7F93D-AF04-48F8-A204-3B1795EF5305}.Release|x64.ActiveCfg = Release|Any CPU
		{1BC7F93D-AF04-48F8-A204-3B1795EF5305}.Release|x64.Build.0 = Release|Any CPU
		{1BC7F93D-AF04-48F8-A204-3B1795EF5305}.Release|x86.ActiveCfg = Release|Any CPU
		{1BC7F93D-AF04-48F8-A204-3B1795EF5305}.Release|x86.Build.0 = Release|Any CPU
		{99F9E41A-82EF-433C-82B4-19DA5D893408}.Debug|Any CPU.ActiveCfg = Debug|Any CPU
		{99F9E41A-82EF-433C-82B4-19DA5D893408}.Debug|Any CPU.Build.0 = Debug|Any CPU
		{99F9E41A-82EF-433C-82B4-19DA5D893408}.Debug|x64.ActiveCfg = Debug|Any CPU
		{99F9E41A-82EF-433C-82B4-19DA5D893408}.Debug|x64.Build.0 = Debug|Any CPU
		{99F9E41A-82EF-433C-82B4-19DA5D893408}.Debug|x86.ActiveCfg = Debug|Any CPU
		{99F9E41A-82EF-433C-82B4-19DA5D893408}.Debug|x86.Build.0 = Debug|Any CPU
		{99F9E41A-82EF-433C-82B4-19DA5D893408}.Release|Any CPU.ActiveCfg = Release|Any CPU
		{99F9E41A-82EF-433C-82B4-19DA5D893408}.Release|Any CPU.Build.0 = Release|Any CPU
		{99F9E41A-82EF-433C-82B4-19DA5D893408}.Release|x64.ActiveCfg = Release|Any CPU
		{99F9E41A-82EF-433C-82B4-19DA5D893408}.Release|x64.Build.0 = Release|Any CPU
		{99F9E41A-82EF-433C-82B4-19DA5D893408}.Release|x86.ActiveCfg = Release|Any CPU
		{99F9E41A-82EF-433C-82B4-19DA5D893408}.Release|x86.Build.0 = Release|Any CPU
		{DDDDA629-BD62-40E8-B539-A8B8E70DBCCC}.Debug|Any CPU.ActiveCfg = Debug|Any CPU
		{DDDDA629-BD62-40E8-B539-A8B8E70DBCCC}.Debug|Any CPU.Build.0 = Debug|Any CPU
		{DDDDA629-BD62-40E8-B539-A8B8E70DBCCC}.Debug|x64.ActiveCfg = Debug|Any CPU
		{DDDDA629-BD62-40E8-B539-A8B8E70DBCCC}.Debug|x64.Build.0 = Debug|Any CPU
		{DDDDA629-BD62-40E8-B539-A8B8E70DBCCC}.Debug|x86.ActiveCfg = Debug|Any CPU
		{DDDDA629-BD62-40E8-B539-A8B8E70DBCCC}.Debug|x86.Build.0 = Debug|Any CPU
		{DDDDA629-BD62-40E8-B539-A8B8E70DBCCC}.Release|Any CPU.ActiveCfg = Release|Any CPU
		{DDDDA629-BD62-40E8-B539-A8B8E70DBCCC}.Release|Any CPU.Build.0 = Release|Any CPU
		{DDDDA629-BD62-40E8-B539-A8B8E70DBCCC}.Release|x64.ActiveCfg = Release|Any CPU
		{DDDDA629-BD62-40E8-B539-A8B8E70DBCCC}.Release|x64.Build.0 = Release|Any CPU
		{DDDDA629-BD62-40E8-B539-A8B8E70DBCCC}.Release|x86.ActiveCfg = Release|Any CPU
		{DDDDA629-BD62-40E8-B539-A8B8E70DBCCC}.Release|x86.Build.0 = Release|Any CPU
		{98C1DC14-1FB2-4C52-B7F7-5F7311D9FAB5}.Debug|Any CPU.ActiveCfg = Debug|Any CPU
		{98C1DC14-1FB2-4C52-B7F7-5F7311D9FAB5}.Debug|Any CPU.Build.0 = Debug|Any CPU
		{98C1DC14-1FB2-4C52-B7F7-5F7311D9FAB5}.Debug|x64.ActiveCfg = Debug|Any CPU
		{98C1DC14-1FB2-4C52-B7F7-5F7311D9FAB5}.Debug|x64.Build.0 = Debug|Any CPU
		{98C1DC14-1FB2-4C52-B7F7-5F7311D9FAB5}.Debug|x86.ActiveCfg = Debug|Any CPU
		{98C1DC14-1FB2-4C52-B7F7-5F7311D9FAB5}.Debug|x86.Build.0 = Debug|Any CPU
		{98C1DC14-1FB2-4C52-B7F7-5F7311D9FAB5}.Release|Any CPU.ActiveCfg = Release|Any CPU
		{98C1DC14-1FB2-4C52-B7F7-5F7311D9FAB5}.Release|Any CPU.Build.0 = Release|Any CPU
		{98C1DC14-1FB2-4C52-B7F7-5F7311D9FAB5}.Release|x64.ActiveCfg = Release|Any CPU
		{98C1DC14-1FB2-4C52-B7F7-5F7311D9FAB5}.Release|x64.Build.0 = Release|Any CPU
		{98C1DC14-1FB2-4C52-B7F7-5F7311D9FAB5}.Release|x86.ActiveCfg = Release|Any CPU
		{98C1DC14-1FB2-4C52-B7F7-5F7311D9FAB5}.Release|x86.Build.0 = Release|Any CPU
		{CED0F980-E5EC-484F-B34D-0CC30BC5EFA3}.Debug|Any CPU.ActiveCfg = Debug|Any CPU
		{CED0F980-E5EC-484F-B34D-0CC30BC5EFA3}.Debug|Any CPU.Build.0 = Debug|Any CPU
		{CED0F980-E5EC-484F-B34D-0CC30BC5EFA3}.Debug|x64.ActiveCfg = Debug|Any CPU
		{CED0F980-E5EC-484F-B34D-0CC30BC5EFA3}.Debug|x64.Build.0 = Debug|Any CPU
		{CED0F980-E5EC-484F-B34D-0CC30BC5EFA3}.Debug|x86.ActiveCfg = Debug|Any CPU
		{CED0F980-E5EC-484F-B34D-0CC30BC5EFA3}.Debug|x86.Build.0 = Debug|Any CPU
		{CED0F980-E5EC-484F-B34D-0CC30BC5EFA3}.Release|Any CPU.ActiveCfg = Release|Any CPU
		{CED0F980-E5EC-484F-B34D-0CC30BC5EFA3}.Release|Any CPU.Build.0 = Release|Any CPU
		{CED0F980-E5EC-484F-B34D-0CC30BC5EFA3}.Release|x64.ActiveCfg = Release|Any CPU
		{CED0F980-E5EC-484F-B34D-0CC30BC5EFA3}.Release|x64.Build.0 = Release|Any CPU
		{CED0F980-E5EC-484F-B34D-0CC30BC5EFA3}.Release|x86.ActiveCfg = Release|Any CPU
		{CED0F980-E5EC-484F-B34D-0CC30BC5EFA3}.Release|x86.Build.0 = Release|Any CPU
		{23B776B5-C09C-49CB-BF05-51CCA129713B}.Debug|Any CPU.ActiveCfg = Debug|Any CPU
		{23B776B5-C09C-49CB-BF05-51CCA129713B}.Debug|Any CPU.Build.0 = Debug|Any CPU
		{23B776B5-C09C-49CB-BF05-51CCA129713B}.Debug|x64.ActiveCfg = Debug|Any CPU
		{23B776B5-C09C-49CB-BF05-51CCA129713B}.Debug|x64.Build.0 = Debug|Any CPU
		{23B776B5-C09C-49CB-BF05-51CCA129713B}.Debug|x86.ActiveCfg = Debug|Any CPU
		{23B776B5-C09C-49CB-BF05-51CCA129713B}.Debug|x86.Build.0 = Debug|Any CPU
		{23B776B5-C09C-49CB-BF05-51CCA129713B}.Release|Any CPU.ActiveCfg = Release|Any CPU
		{23B776B5-C09C-49CB-BF05-51CCA129713B}.Release|Any CPU.Build.0 = Release|Any CPU
		{23B776B5-C09C-49CB-BF05-51CCA129713B}.Release|x64.ActiveCfg = Release|Any CPU
		{23B776B5-C09C-49CB-BF05-51CCA129713B}.Release|x64.Build.0 = Release|Any CPU
		{23B776B5-C09C-49CB-BF05-51CCA129713B}.Release|x86.ActiveCfg = Release|Any CPU
		{23B776B5-C09C-49CB-BF05-51CCA129713B}.Release|x86.Build.0 = Release|Any CPU
		{01DBA031-C2DC-4657-86DD-A09ECFAF7749}.Debug|Any CPU.ActiveCfg = Debug|Any CPU
		{01DBA031-C2DC-4657-86DD-A09ECFAF7749}.Debug|Any CPU.Build.0 = Debug|Any CPU
		{01DBA031-C2DC-4657-86DD-A09ECFAF7749}.Debug|x64.ActiveCfg = Debug|Any CPU
		{01DBA031-C2DC-4657-86DD-A09ECFAF7749}.Debug|x64.Build.0 = Debug|Any CPU
		{01DBA031-C2DC-4657-86DD-A09ECFAF7749}.Debug|x86.ActiveCfg = Debug|Any CPU
		{01DBA031-C2DC-4657-86DD-A09ECFAF7749}.Debug|x86.Build.0 = Debug|Any CPU
		{01DBA031-C2DC-4657-86DD-A09ECFAF7749}.Release|Any CPU.ActiveCfg = Release|Any CPU
		{01DBA031-C2DC-4657-86DD-A09ECFAF7749}.Release|Any CPU.Build.0 = Release|Any CPU
		{01DBA031-C2DC-4657-86DD-A09ECFAF7749}.Release|x64.ActiveCfg = Release|Any CPU
		{01DBA031-C2DC-4657-86DD-A09ECFAF7749}.Release|x64.Build.0 = Release|Any CPU
		{01DBA031-C2DC-4657-86DD-A09ECFAF7749}.Release|x86.ActiveCfg = Release|Any CPU
		{01DBA031-C2DC-4657-86DD-A09ECFAF7749}.Release|x86.Build.0 = Release|Any CPU
	EndGlobalSection
	GlobalSection(SolutionProperties) = preSolution
		HideSolutionNode = FALSE
	EndGlobalSection
	GlobalSection(NestedProjects) = preSolution
		{202C76B3-C580-4CDA-9036-B26AC00AFF05} = {07C2787E-EAC7-C090-1BA3-A61EC2A24D84}
		{1BC7F93D-AF04-48F8-A204-3B1795EF5305} = {07C2787E-EAC7-C090-1BA3-A61EC2A24D84}
		{01DBA031-C2DC-4657-86DD-A09ECFAF7749} = {07C2787E-EAC7-C090-1BA3-A61EC2A24D84}
	EndGlobalSection
EndGlobal
