
Microsoft Visual Studio Solution File, Format Version 11.00
# Visual Studio 2010
Project("{FAE04EC0-301F-11D3-BF4B-00C04F79EFBC}") = "Aurora Builder", "Aurora Lights.csproj", "{1452F300-6B85-46E2-9262-AC19BA5BBF9F}"
EndProject
Global
	GlobalSection(SolutionConfigurationPlatforms) = preSolution
		Debug|Any CPU = Debug|Any CPU
		Release|Any CPU = Release|Any CPU
	EndGlobalSection
	GlobalSection(ProjectConfigurationPlatforms) = postSolution
		{1452F300-6B85-46E2-9262-AC19BA5BBF9F}.Debug|Any CPU.ActiveCfg = Debug|Any CPU
		{1452F300-6B85-46E2-9262-AC19BA5BBF9F}.Debug|Any CPU.Build.0 = Debug|Any CPU
		{1452F300-6B85-46E2-9262-AC19BA5BBF9F}.Release|Any CPU.ActiveCfg = Release|Any CPU
		{1452F300-6B85-46E2-9262-AC19BA5BBF9F}.Release|Any CPU.Build.0 = Release|Any CPU
	EndGlobalSection
	GlobalSection(SolutionProperties) = preSolution
		HideSolutionNode = FALSE
	EndGlobalSection
EndGlobal
